
Microsoft Visual Studio Solution File, Format Version 12.00
# Visual Studio Version 17
VisualStudioVersion = 17.14.36301.6 d17.14
MinimumVisualStudioVersion = 10.0.40219.1
Project("{FAE04EC0-301F-11D3-BF4B-00C04F79EFBC}") = "Library_Management_System", "Library_Management_System.csproj", "{9EC9F91B-35E1-4BD5-9B33-68C4B5CCD72D}"
EndProject
Global
	GlobalSection(SolutionConfigurationPlatforms) = preSolution
		Debug|Any CPU = Debug|Any CPU
		Release|Any CPU = Release|Any CPU
	EndGlobalSection
	GlobalSection(ProjectConfigurationPlatforms) = postSolution
		{9EC9F91B-35E1-4BD5-9B33-68C4B5CCD72D}.Debug|Any CPU.ActiveCfg = Debug|Any CPU
		{9EC9F91B-35E1-4BD5-9B33-68C4B5CCD72D}.Debug|Any CPU.Build.0 = Debug|Any CPU
		{9EC9F91B-35E1-4BD5-9B33-68C4B5CCD72D}.Release|Any CPU.ActiveCfg = Release|Any CPU
		{9EC9F91B-35E1-4BD5-9B33-68C4B5CCD72D}.Release|Any CPU.Build.0 = Release|Any CPU
	EndGlobalSection
	GlobalSection(SolutionProperties) = preSolution
		HideSolutionNode = FALSE
	EndGlobalSection
	GlobalSection(ExtensibilityGlobals) = postSolution
		SolutionGuid = {90794066-FEAF-4566-8ACE-6E33251D5B19}
	EndGlobalSection
EndGlobal
